{
  "name": "jupyterlite",
  "lockfileVersion": 3,
  "requires": true,
  "packages": {
    "": {
      "dependencies": {
        "pyodide": "^0.27.0"
      }
    },
    "node_modules/pyodide": {
      "version": "0.27.0",
      "resolved": "https://registry.npmjs.org/pyodide/-/pyodide-0.27.0.tgz",
      "integrity": "sha512-0O992noCKqv8lPw4+QFWw8d8yrNWVtQ6zPhWNg/RNYbFohiwmV6SGlVh5fWk/4pOxyhgHbayq+ur8JoR/r5U9A==",
      "dependencies": {
        "ws": "^8.5.0"
      },
      "engines": {
        "node": ">=18.0.0"
      }
    },
    "node_modules/ws": {
      "version": "8.18.0",
      "resolved": "https://registry.npmjs.org/ws/-/ws-8.18.0.tgz",
      "integrity": "sha512-8VbfWfHLbbwu3+N6OKsOMpBdT4kXPDDB9cJk2bJ6mh9ucxdlnNvH1e+roYkKmN9Nxw2yjz7VzeO9oOz2zJ04Pw==",
      "engines": {
        "node": ">=10.0.0"
      },
      "peerDependencies": {
        "bufferutil": "^4.0.1",
        "utf-8-validate": ">=5.0.2"
      },
      "peerDependenciesMeta": {
        "bufferutil": {
          "optional": true
        },
        "utf-8-validate": {
          "optional": true
        }
      }
    }
  }
}
