{
  "name": "jupyterlite",
  "lockfileVersion": 3,
  "requires": true,
  "packages": {
    "": {
      "dependencies": {
        "pyodide": "^0.27.0"
      }
    },
    "node_modules/pyodide": {
      "version": "0.27.5",
      "resolved": "https://registry.npmjs.org/pyodide/-/pyodide-0.27.5.tgz",
      "integrity": "sha512-nXErpLzEdtQolt+sNQ/5mKuN9XTUwhxR2MRhRhZ6oDRGpYLXrOp5+kkTPGEwK+wn1ZA8+poNmoxKTj2sq/p9og==",
      "license": "Apache-2.0",
      "dependencies": {
        "ws": "^8.5.0"
      },
      "engines": {
        "node": ">=18.0.0"
      }
    },
    "node_modules/ws": {
      "version": "8.18.2",
      "resolved": "https://registry.npmjs.org/ws/-/ws-8.18.2.tgz",
      "integrity": "sha512-DMricUmwGZUVr++AEAe2uiVM7UoO9MAVZMDu05UQOaUII0lp+zOzLLU4Xqh/JvTqklB1T4uELaaPBKyjE1r4fQ==",
      "license": "MIT",
      "engines": {
        "node": ">=10.0.0"
      },
      "peerDependencies": {
        "bufferutil": "^4.0.1",
        "utf-8-validate": ">=5.0.2"
      },
      "peerDependenciesMeta": {
        "bufferutil": {
          "optional": true
        },
        "utf-8-validate": {
          "optional": true
        }
      }
    }
  }
}
