{
  "name": "@holoviz/panel",
  "version": "0.14.2-a.6",
  "lockfileVersion": 2,
  "requires": true,
  "packages": {
    "": {
      "name": "@holoviz/panel",
      "version": "0.14.2-a.6",
      "license": "BSD-3-Clause",
      "dependencies": {
        "@bokeh/bokehjs": "^3.0.0",
        "@luma.gl/constants": "^8.0.3",
        "@types/debounce": "^1.2.0",
        "@types/gl-matrix": "^2.4.5",
        "debounce": "^1.2.0",
        "fast-json-patch": "^2.2.1",
        "gl-matrix": "^3.1.0",
        "htm": "^3.0.4",
        "json-formatter-js": "^2.2.1",
        "preact": "^10.5.12"
      },
      "devDependencies": {
        "flatpickr": "^4.6.9"
      }
    },
    "node_modules/@bokeh/bokehjs": {
      "version": "3.0.0",
      "resolved": "https://registry.npmjs.org/@bokeh/bokehjs/-/bokehjs-3.0.0.tgz",
      "integrity": "sha512-QJRmGEbIiKEC0EK+oXDoTk3ix/ZgayBgfmSjlmR0v7LpJDMCg9fs86vgVPMUBRl6wnbgY3Kae0T9k3wviRfgkw==",
      "engines": {
        "node": ">=16.0",
        "npm": ">=8.0"
      }
    },
    "node_modules/@luma.gl/constants": {
      "version": "8.1.0",
      "license": "MIT"
    },
    "node_modules/@types/debounce": {
      "version": "1.2.0",
      "license": "MIT"
    },
    "node_modules/@types/gl-matrix": {
      "version": "2.4.5",
      "license": "MIT"
    },
    "node_modules/debounce": {
      "version": "1.2.0",
      "license": "MIT"
    },
    "node_modules/fast-deep-equal": {
      "version": "2.0.1",
      "resolved": "https://registry.npmjs.org/fast-deep-equal/-/fast-deep-equal-2.0.1.tgz",
      "integrity": "sha1-ewUhjd+WZ79/Nwv3/bLLFf3Qqkk="
    },
    "node_modules/fast-json-patch": {
      "version": "2.2.1",
      "resolved": "https://registry.npmjs.org/fast-json-patch/-/fast-json-patch-2.2.1.tgz",
      "integrity": "sha512-4j5uBaTnsYAV5ebkidvxiLUYOwjQ+JSFljeqfTxCrH9bDmlCQaOJFS84oDJ2rAXZq2yskmk3ORfoP9DCwqFNig==",
      "dependencies": {
        "fast-deep-equal": "^2.0.1"
      },
      "engines": {
        "node": ">= 0.4.0"
      }
    },
    "node_modules/flatpickr": {
      "version": "4.6.13",
      "resolved": "https://registry.npmjs.org/flatpickr/-/flatpickr-4.6.13.tgz",
      "integrity": "sha512-97PMG/aywoYpB4IvbvUJi0RQi8vearvU0oov1WW3k0WZPBMrTQVqekSX5CjSG/M4Q3i6A/0FKXC7RyAoAUUSPw==",
      "dev": true
    },
    "node_modules/gl-matrix": {
      "version": "3.2.1",
      "license": "MIT"
    },
    "node_modules/htm": {
      "version": "3.0.4",
      "resolved": "https://registry.npmjs.org/htm/-/htm-3.0.4.tgz",
      "integrity": "sha512-VRdvxX3tmrXuT/Ovt59NMp/ORMFi4bceFMDjos1PV4E0mV+5votuID8R60egR9A4U8nLt238R/snlJGz3UYiTQ=="
    },
    "node_modules/json-formatter-js": {
      "version": "2.3.4",
      "license": "MIT"
    },
    "node_modules/preact": {
      "version": "10.5.12",
      "resolved": "https://registry.npmjs.org/preact/-/preact-10.5.12.tgz",
      "integrity": "sha512-r6siDkuD36oszwlCkcqDJCAKBQxGoeEGytw2DGMD5A/GGdu5Tymw+N2OBXwvOLxg6d1FeY8MgMV3cc5aVQo4Cg==",
      "funding": {
        "type": "opencollective",
        "url": "https://opencollective.com/preact"
      }
    }
  },
  "dependencies": {
    "@bokeh/bokehjs": {
      "version": "3.0.0",
      "resolved": "https://registry.npmjs.org/@bokeh/bokehjs/-/bokehjs-3.0.0.tgz",
      "integrity": "sha512-QJRmGEbIiKEC0EK+oXDoTk3ix/ZgayBgfmSjlmR0v7LpJDMCg9fs86vgVPMUBRl6wnbgY3Kae0T9k3wviRfgkw=="
    },
    "@luma.gl/constants": {
      "version": "8.1.0"
    },
    "@types/debounce": {
      "version": "1.2.0"
    },
    "@types/gl-matrix": {
      "version": "2.4.5"
    },
    "debounce": {
      "version": "1.2.0"
    },
    "fast-deep-equal": {
      "version": "2.0.1",
      "resolved": "https://registry.npmjs.org/fast-deep-equal/-/fast-deep-equal-2.0.1.tgz",
      "integrity": "sha1-ewUhjd+WZ79/Nwv3/bLLFf3Qqkk="
    },
    "fast-json-patch": {
      "version": "2.2.1",
      "resolved": "https://registry.npmjs.org/fast-json-patch/-/fast-json-patch-2.2.1.tgz",
      "integrity": "sha512-4j5uBaTnsYAV5ebkidvxiLUYOwjQ+JSFljeqfTxCrH9bDmlCQaOJFS84oDJ2rAXZq2yskmk3ORfoP9DCwqFNig==",
      "requires": {
        "fast-deep-equal": "^2.0.1"
      }
    },
    "flatpickr": {
      "version": "4.6.13",
      "resolved": "https://registry.npmjs.org/flatpickr/-/flatpickr-4.6.13.tgz",
      "integrity": "sha512-97PMG/aywoYpB4IvbvUJi0RQi8vearvU0oov1WW3k0WZPBMrTQVqekSX5CjSG/M4Q3i6A/0FKXC7RyAoAUUSPw==",
      "dev": true
    },
    "gl-matrix": {
      "version": "3.2.1"
    },
    "htm": {
      "version": "3.0.4",
      "resolved": "https://registry.npmjs.org/htm/-/htm-3.0.4.tgz",
      "integrity": "sha512-VRdvxX3tmrXuT/Ovt59NMp/ORMFi4bceFMDjos1PV4E0mV+5votuID8R60egR9A4U8nLt238R/snlJGz3UYiTQ=="
    },
    "json-formatter-js": {
      "version": "2.3.4"
    },
    "preact": {
      "version": "10.5.12",
      "resolved": "https://registry.npmjs.org/preact/-/preact-10.5.12.tgz",
      "integrity": "sha512-r6siDkuD36oszwlCkcqDJCAKBQxGoeEGytw2DGMD5A/GGdu5Tymw+N2OBXwvOLxg6d1FeY8MgMV3cc5aVQo4Cg=="
    }
  }
}
