{
  "name": "@holoviz/panel",
  "version": "0.13.0-a.5",
  "lockfileVersion": 2,
  "requires": true,
  "packages": {
    "": {
      "name": "@holoviz/panel",
      "version": "0.13.0-a.5",
      "license": "BSD-3-Clause",
      "dependencies": {
        "@bokeh/bokehjs": "^2.3.3",
        "@luma.gl/constants": "^8.0.3",
        "@types/debounce": "^1.2.0",
        "@types/gl-matrix": "^2.4.5",
        "debounce": "^1.2.0",
        "fast-json-patch": "^2.2.1",
        "gl-matrix": "^3.1.0",
        "htm": "^3.0.4",
        "json-formatter-js": "^2.2.1",
        "preact": "^10.5.12"
      },
      "devDependencies": {}
    },
    "node_modules/@bokeh/bokehjs": {
      "version": "2.3.3",
      "resolved": "https://registry.npmjs.org/@bokeh/bokehjs/-/bokehjs-2.3.3.tgz",
      "integrity": "sha512-Zev3p5xnS47YsZo5hcGGNUdISH3mkVLKSc6LMVqEIRlnc7Ay79TD9bnApeYh90k0JU1pcMh0gEqHgwVOGPTZ/w==",
      "dependencies": {
        "@bokeh/numbro": "^1.6.2",
        "@bokeh/slickgrid": "~2.4.2701",
        "choices.js": "^9.0.1",
        "es5-ext": "^0.10.53",
        "es6-map": "^0.1.5",
        "es6-promise": "4.2.8",
        "es6-set": "^0.1.5",
        "es6-symbol": "^3.1.3",
        "es6-weak-map": "^2.0.2",
        "flatbush": "^3.2.1",
        "flatpickr": "^4.6.6",
        "hammerjs": "^2.0.4",
        "nouislider": "^14.6.3",
        "proj4": "^2.6.3",
        "sprintf-js": "^1.1.2",
        "timezone": "^1.0.23",
        "tslib": "^2.0.3",
        "underscore.template": "^0.1.7"
      },
      "engines": {
        "node": ">=14",
        "npm": ">=7.4"
      }
    },
    "node_modules/@bokeh/bokehjs/node_modules/tslib": {
      "version": "2.1.0",
      "resolved": "https://registry.npmjs.org/tslib/-/tslib-2.1.0.tgz",
      "integrity": "sha512-hcVC3wYEziELGGmEEXue7D75zbwIIVUMWAVbHItGPx0ziyXxrOMQx4rQEVEV45Ut/1IotuEvwqPopzIOkDMf0A=="
    },
    "node_modules/@bokeh/numbro": {
      "version": "1.6.2",
      "engines": {
        "node": "*"
      }
    },
    "node_modules/@bokeh/slickgrid": {
      "version": "2.4.2701",
      "license": "MIT",
      "dependencies": {
        "@types/slickgrid": "^2.1.30",
        "jquery": ">=3.4.0",
        "jquery-ui": ">=1.8.0",
        "tslib": "^1.10.0"
      }
    },
    "node_modules/@luma.gl/constants": {
      "version": "8.1.0",
      "license": "MIT"
    },
    "node_modules/@types/debounce": {
      "version": "1.2.0",
      "license": "MIT"
    },
    "node_modules/@types/gl-matrix": {
      "version": "2.4.5",
      "license": "MIT"
    },
    "node_modules/@types/jquery": {
      "version": "3.5.4",
      "license": "MIT",
      "dependencies": {
        "@types/sizzle": "*"
      }
    },
    "node_modules/@types/sizzle": {
      "version": "2.3.2",
      "license": "MIT"
    },
    "node_modules/@types/slickgrid": {
      "version": "2.1.30",
      "license": "MIT",
      "dependencies": {
        "@types/jquery": "*"
      }
    },
    "node_modules/choices.js": {
      "version": "9.0.1",
      "license": "MIT",
      "dependencies": {
        "deepmerge": "^4.2.0",
        "fuse.js": "^3.4.5",
        "redux": "^4.0.4"
      }
    },
    "node_modules/d": {
      "version": "1.0.1",
      "license": "ISC",
      "dependencies": {
        "es5-ext": "^0.10.50",
        "type": "^1.0.1"
      }
    },
    "node_modules/debounce": {
      "version": "1.2.0",
      "license": "MIT"
    },
    "node_modules/deepmerge": {
      "version": "4.2.2",
      "license": "MIT",
      "engines": {
        "node": ">=0.10.0"
      }
    },
    "node_modules/es5-ext": {
      "version": "0.10.53",
      "license": "ISC",
      "dependencies": {
        "es6-iterator": "~2.0.3",
        "es6-symbol": "~3.1.3",
        "next-tick": "~1.0.0"
      }
    },
    "node_modules/es6-iterator": {
      "version": "2.0.3",
      "license": "MIT",
      "dependencies": {
        "d": "1",
        "es5-ext": "^0.10.35",
        "es6-symbol": "^3.1.1"
      }
    },
    "node_modules/es6-map": {
      "version": "0.1.5",
      "license": "MIT",
      "dependencies": {
        "d": "1",
        "es5-ext": "~0.10.14",
        "es6-iterator": "~2.0.1",
        "es6-set": "~0.1.5",
        "es6-symbol": "~3.1.1",
        "event-emitter": "~0.3.5"
      }
    },
    "node_modules/es6-promise": {
      "version": "4.2.8",
      "license": "MIT"
    },
    "node_modules/es6-set": {
      "version": "0.1.5",
      "license": "MIT",
      "dependencies": {
        "d": "1",
        "es5-ext": "~0.10.14",
        "es6-iterator": "~2.0.1",
        "es6-symbol": "3.1.1",
        "event-emitter": "~0.3.5"
      }
    },
    "node_modules/es6-set/node_modules/es6-symbol": {
      "version": "3.1.1",
      "license": "MIT",
      "dependencies": {
        "d": "1",
        "es5-ext": "~0.10.14"
      }
    },
    "node_modules/es6-symbol": {
      "version": "3.1.3",
      "license": "ISC",
      "dependencies": {
        "d": "^1.0.1",
        "ext": "^1.1.2"
      }
    },
    "node_modules/es6-weak-map": {
      "version": "2.0.3",
      "license": "ISC",
      "dependencies": {
        "d": "1",
        "es5-ext": "^0.10.46",
        "es6-iterator": "^2.0.3",
        "es6-symbol": "^3.1.1"
      }
    },
    "node_modules/event-emitter": {
      "version": "0.3.5",
      "license": "MIT",
      "dependencies": {
        "d": "1",
        "es5-ext": "~0.10.14"
      }
    },
    "node_modules/ext": {
      "version": "1.4.0",
      "license": "ISC",
      "dependencies": {
        "type": "^2.0.0"
      }
    },
    "node_modules/ext/node_modules/type": {
      "version": "2.1.0",
      "license": "ISC"
    },
    "node_modules/fast-deep-equal": {
      "version": "2.0.1",
      "resolved": "https://registry.npmjs.org/fast-deep-equal/-/fast-deep-equal-2.0.1.tgz",
      "integrity": "sha1-ewUhjd+WZ79/Nwv3/bLLFf3Qqkk="
    },
    "node_modules/fast-json-patch": {
      "version": "2.2.1",
      "resolved": "https://registry.npmjs.org/fast-json-patch/-/fast-json-patch-2.2.1.tgz",
      "integrity": "sha512-4j5uBaTnsYAV5ebkidvxiLUYOwjQ+JSFljeqfTxCrH9bDmlCQaOJFS84oDJ2rAXZq2yskmk3ORfoP9DCwqFNig==",
      "dependencies": {
        "fast-deep-equal": "^2.0.1"
      },
      "engines": {
        "node": ">= 0.4.0"
      }
    },
    "node_modules/flatbush": {
      "version": "3.3.0",
      "license": "ISC",
      "dependencies": {
        "flatqueue": "^1.2.0"
      }
    },
    "node_modules/flatpickr": {
      "version": "4.6.6",
      "license": "MIT"
    },
    "node_modules/flatqueue": {
      "version": "1.2.1",
      "license": "ISC"
    },
    "node_modules/fuse.js": {
      "version": "3.6.1",
      "license": "Apache-2.0",
      "engines": {
        "node": ">=6"
      }
    },
    "node_modules/gl-matrix": {
      "version": "3.2.1",
      "license": "MIT"
    },
    "node_modules/hammerjs": {
      "version": "2.0.8",
      "license": "MIT",
      "engines": {
        "node": ">=0.8.0"
      }
    },
    "node_modules/htm": {
      "version": "3.0.4",
      "resolved": "https://registry.npmjs.org/htm/-/htm-3.0.4.tgz",
      "integrity": "sha512-VRdvxX3tmrXuT/Ovt59NMp/ORMFi4bceFMDjos1PV4E0mV+5votuID8R60egR9A4U8nLt238R/snlJGz3UYiTQ=="
    },
    "node_modules/jquery": {
      "version": "3.5.1",
      "license": "MIT"
    },
    "node_modules/jquery-ui": {
      "version": "1.12.1",
      "license": "MIT"
    },
    "node_modules/js-tokens": {
      "version": "4.0.0",
      "license": "MIT"
    },
    "node_modules/json-formatter-js": {
      "version": "2.3.4",
      "license": "MIT"
    },
    "node_modules/loose-envify": {
      "version": "1.4.0",
      "license": "MIT",
      "dependencies": {
        "js-tokens": "^3.0.0 || ^4.0.0"
      },
      "bin": {
        "loose-envify": "cli.js"
      }
    },
    "node_modules/mgrs": {
      "version": "1.0.0",
      "license": "MIT"
    },
    "node_modules/next-tick": {
      "version": "1.0.0",
      "license": "MIT"
    },
    "node_modules/nouislider": {
      "version": "14.6.3",
      "resolved": "https://registry.npmjs.org/nouislider/-/nouislider-14.6.3.tgz",
      "integrity": "sha512-/3tAqsWY2JYW9vd7bC14bFRA1P9A+pRHOtKmoMsyfnB0fQcd1UFx2pdY1Ey5wAUzTnXTesmYaEo/ecLVETijIQ=="
    },
    "node_modules/preact": {
      "version": "10.5.12",
      "resolved": "https://registry.npmjs.org/preact/-/preact-10.5.12.tgz",
      "integrity": "sha512-r6siDkuD36oszwlCkcqDJCAKBQxGoeEGytw2DGMD5A/GGdu5Tymw+N2OBXwvOLxg6d1FeY8MgMV3cc5aVQo4Cg==",
      "funding": {
        "type": "opencollective",
        "url": "https://opencollective.com/preact"
      }
    },
    "node_modules/proj4": {
      "version": "2.6.3",
      "license": "MIT",
      "dependencies": {
        "mgrs": "1.0.0",
        "wkt-parser": "^1.2.4"
      }
    },
    "node_modules/redux": {
      "version": "4.0.5",
      "license": "MIT",
      "dependencies": {
        "loose-envify": "^1.4.0",
        "symbol-observable": "^1.2.0"
      }
    },
    "node_modules/sprintf-js": {
      "version": "1.1.2",
      "license": "BSD-3-Clause"
    },
    "node_modules/symbol-observable": {
      "version": "1.2.0",
      "license": "MIT",
      "engines": {
        "node": ">=0.10.0"
      }
    },
    "node_modules/timezone": {
      "version": "1.0.23",
      "license": "MIT"
    },
    "node_modules/tslib": {
      "version": "1.14.1",
      "license": "0BSD"
    },
    "node_modules/type": {
      "version": "1.2.0",
      "license": "ISC"
    },
    "node_modules/underscore.template": {
      "version": "0.1.7",
      "license": "MIT"
    },
    "node_modules/wkt-parser": {
      "version": "1.2.4",
      "license": "MIT"
    }
  },
  "dependencies": {
    "@bokeh/bokehjs": {
      "version": "2.3.3",
      "resolved": "https://registry.npmjs.org/@bokeh/bokehjs/-/bokehjs-2.3.3.tgz",
      "integrity": "sha512-Zev3p5xnS47YsZo5hcGGNUdISH3mkVLKSc6LMVqEIRlnc7Ay79TD9bnApeYh90k0JU1pcMh0gEqHgwVOGPTZ/w==",
      "requires": {
        "@bokeh/numbro": "^1.6.2",
        "@bokeh/slickgrid": "~2.4.2701",
        "choices.js": "^9.0.1",
        "es5-ext": "^0.10.53",
        "es6-map": "^0.1.5",
        "es6-promise": "4.2.8",
        "es6-set": "^0.1.5",
        "es6-symbol": "^3.1.3",
        "es6-weak-map": "^2.0.2",
        "flatbush": "^3.2.1",
        "flatpickr": "^4.6.6",
        "hammerjs": "^2.0.4",
        "nouislider": "^14.6.3",
        "proj4": "^2.6.3",
        "sprintf-js": "^1.1.2",
        "timezone": "^1.0.23",
        "tslib": "^2.0.3",
        "underscore.template": "^0.1.7"
      },
      "dependencies": {
        "tslib": {
          "version": "2.1.0",
          "resolved": "https://registry.npmjs.org/tslib/-/tslib-2.1.0.tgz",
          "integrity": "sha512-hcVC3wYEziELGGmEEXue7D75zbwIIVUMWAVbHItGPx0ziyXxrOMQx4rQEVEV45Ut/1IotuEvwqPopzIOkDMf0A=="
        }
      }
    },
    "@bokeh/numbro": {
      "version": "1.6.2"
    },
    "@bokeh/slickgrid": {
      "version": "2.4.2701",
      "requires": {
        "@types/slickgrid": "^2.1.30",
        "jquery": ">=3.4.0",
        "jquery-ui": ">=1.8.0",
        "tslib": "^1.10.0"
      }
    },
    "@luma.gl/constants": {
      "version": "8.1.0"
    },
    "@types/debounce": {
      "version": "1.2.0"
    },
    "@types/gl-matrix": {
      "version": "2.4.5"
    },
    "@types/jquery": {
      "version": "3.5.4",
      "requires": {
        "@types/sizzle": "*"
      }
    },
    "@types/sizzle": {
      "version": "2.3.2"
    },
    "@types/slickgrid": {
      "version": "2.1.30",
      "requires": {
        "@types/jquery": "*"
      }
    },
    "choices.js": {
      "version": "9.0.1",
      "requires": {
        "deepmerge": "^4.2.0",
        "fuse.js": "^3.4.5",
        "redux": "^4.0.4"
      }
    },
    "d": {
      "version": "1.0.1",
      "requires": {
        "es5-ext": "^0.10.50",
        "type": "^1.0.1"
      }
    },
    "debounce": {
      "version": "1.2.0"
    },
    "deepmerge": {
      "version": "4.2.2"
    },
    "es5-ext": {
      "version": "0.10.53",
      "requires": {
        "es6-iterator": "~2.0.3",
        "es6-symbol": "~3.1.3",
        "next-tick": "~1.0.0"
      }
    },
    "es6-iterator": {
      "version": "2.0.3",
      "requires": {
        "d": "1",
        "es5-ext": "^0.10.35",
        "es6-symbol": "^3.1.1"
      }
    },
    "es6-map": {
      "version": "0.1.5",
      "requires": {
        "d": "1",
        "es5-ext": "~0.10.14",
        "es6-iterator": "~2.0.1",
        "es6-set": "~0.1.5",
        "es6-symbol": "~3.1.1",
        "event-emitter": "~0.3.5"
      }
    },
    "es6-promise": {
      "version": "4.2.8"
    },
    "es6-set": {
      "version": "0.1.5",
      "requires": {
        "d": "1",
        "es5-ext": "~0.10.14",
        "es6-iterator": "~2.0.1",
        "es6-symbol": "3.1.1",
        "event-emitter": "~0.3.5"
      },
      "dependencies": {
        "es6-symbol": {
          "version": "3.1.1",
          "requires": {
            "d": "1",
            "es5-ext": "~0.10.14"
          }
        }
      }
    },
    "es6-symbol": {
      "version": "3.1.3",
      "requires": {
        "d": "^1.0.1",
        "ext": "^1.1.2"
      }
    },
    "es6-weak-map": {
      "version": "2.0.3",
      "requires": {
        "d": "1",
        "es5-ext": "^0.10.46",
        "es6-iterator": "^2.0.3",
        "es6-symbol": "^3.1.1"
      }
    },
    "event-emitter": {
      "version": "0.3.5",
      "requires": {
        "d": "1",
        "es5-ext": "~0.10.14"
      }
    },
    "ext": {
      "version": "1.4.0",
      "requires": {
        "type": "^2.0.0"
      },
      "dependencies": {
        "type": {
          "version": "2.1.0"
        }
      }
    },
    "fast-deep-equal": {
      "version": "2.0.1",
      "resolved": "https://registry.npmjs.org/fast-deep-equal/-/fast-deep-equal-2.0.1.tgz",
      "integrity": "sha1-ewUhjd+WZ79/Nwv3/bLLFf3Qqkk="
    },
    "fast-json-patch": {
      "version": "2.2.1",
      "resolved": "https://registry.npmjs.org/fast-json-patch/-/fast-json-patch-2.2.1.tgz",
      "integrity": "sha512-4j5uBaTnsYAV5ebkidvxiLUYOwjQ+JSFljeqfTxCrH9bDmlCQaOJFS84oDJ2rAXZq2yskmk3ORfoP9DCwqFNig==",
      "requires": {
        "fast-deep-equal": "^2.0.1"
      }
    },
    "flatbush": {
      "version": "3.3.0",
      "requires": {
        "flatqueue": "^1.2.0"
      }
    },
    "flatpickr": {
      "version": "4.6.6"
    },
    "flatqueue": {
      "version": "1.2.1"
    },
    "fuse.js": {
      "version": "3.6.1"
    },
    "gl-matrix": {
      "version": "3.2.1"
    },
    "hammerjs": {
      "version": "2.0.8"
    },
    "htm": {
      "version": "3.0.4",
      "resolved": "https://registry.npmjs.org/htm/-/htm-3.0.4.tgz",
      "integrity": "sha512-VRdvxX3tmrXuT/Ovt59NMp/ORMFi4bceFMDjos1PV4E0mV+5votuID8R60egR9A4U8nLt238R/snlJGz3UYiTQ=="
    },
    "jquery": {
      "version": "3.5.1"
    },
    "jquery-ui": {
      "version": "1.12.1"
    },
    "js-tokens": {
      "version": "4.0.0"
    },
    "json-formatter-js": {
      "version": "2.3.4"
    },
    "loose-envify": {
      "version": "1.4.0",
      "requires": {
        "js-tokens": "^3.0.0 || ^4.0.0"
      }
    },
    "mgrs": {
      "version": "1.0.0"
    },
    "next-tick": {
      "version": "1.0.0"
    },
    "nouislider": {
      "version": "14.6.3",
      "resolved": "https://registry.npmjs.org/nouislider/-/nouislider-14.6.3.tgz",
      "integrity": "sha512-/3tAqsWY2JYW9vd7bC14bFRA1P9A+pRHOtKmoMsyfnB0fQcd1UFx2pdY1Ey5wAUzTnXTesmYaEo/ecLVETijIQ=="
    },
    "preact": {
      "version": "10.5.12",
      "resolved": "https://registry.npmjs.org/preact/-/preact-10.5.12.tgz",
      "integrity": "sha512-r6siDkuD36oszwlCkcqDJCAKBQxGoeEGytw2DGMD5A/GGdu5Tymw+N2OBXwvOLxg6d1FeY8MgMV3cc5aVQo4Cg=="
    },
    "proj4": {
      "version": "2.6.3",
      "requires": {
        "mgrs": "1.0.0",
        "wkt-parser": "^1.2.4"
      }
    },
    "redux": {
      "version": "4.0.5",
      "requires": {
        "loose-envify": "^1.4.0",
        "symbol-observable": "^1.2.0"
      }
    },
    "sprintf-js": {
      "version": "1.1.2"
    },
    "symbol-observable": {
      "version": "1.2.0"
    },
    "timezone": {
      "version": "1.0.23"
    },
    "tslib": {
      "version": "1.14.1"
    },
    "type": {
      "version": "1.2.0"
    },
    "underscore.template": {
      "version": "0.1.7"
    },
    "wkt-parser": {
      "version": "1.2.4"
    }
  }
}
