{
  "name": "@holoviz/panel",
  "version": "1.0.4",
  "lockfileVersion": 2,
  "requires": true,
  "packages": {
    "": {
      "name": "@holoviz/panel",
      "version": "1.0.4",
      "license": "BSD-3-Clause",
      "dependencies": {
        "@bokeh/bokehjs": "~3.1.1",
        "@luma.gl/constants": "^8.0.3",
        "@types/debounce": "^1.2.0",
        "@types/gl-matrix": "^2.4.5",
        "debounce": "^1.2.0",
        "gl-matrix": "^3.1.0",
        "htm": "^3.1.1",
        "json-formatter-js": "^2.2.1",
        "preact": "^10.13.0"
      },
      "devDependencies": {
        "flatpickr": "^4.6.9"
      }
    },
    "node_modules/@bokeh/bokehjs": {
      "version": "3.1.1",
      "resolved": "https://registry.npmjs.org/@bokeh/bokehjs/-/bokehjs-3.1.1.tgz",
      "integrity": "sha512-+S3hqhIaOS17Xp0Oy7fB+hhOPe+v3jeIew40sWaH4/DEEMuUmhDZZMFowWhicuwTN9J6Bay9bp/62YJc5Na1Qg==",
      "engines": {
        "node": ">=16.0",
        "npm": ">=8.0"
      }
    },
    "node_modules/@luma.gl/constants": {
      "version": "8.1.0",
      "license": "MIT"
    },
    "node_modules/@types/debounce": {
      "version": "1.2.0",
      "license": "MIT"
    },
    "node_modules/@types/gl-matrix": {
      "version": "2.4.5",
      "license": "MIT"
    },
    "node_modules/debounce": {
      "version": "1.2.0",
      "license": "MIT"
    },
    "node_modules/flatpickr": {
      "version": "4.6.13",
      "resolved": "https://registry.npmjs.org/flatpickr/-/flatpickr-4.6.13.tgz",
      "integrity": "sha512-97PMG/aywoYpB4IvbvUJi0RQi8vearvU0oov1WW3k0WZPBMrTQVqekSX5CjSG/M4Q3i6A/0FKXC7RyAoAUUSPw==",
      "dev": true
    },
    "node_modules/gl-matrix": {
      "version": "3.2.1",
      "license": "MIT"
    },
    "node_modules/htm": {
      "version": "3.1.1",
      "resolved": "https://registry.npmjs.org/htm/-/htm-3.1.1.tgz",
      "integrity": "sha512-983Vyg8NwUE7JkZ6NmOqpCZ+sh1bKv2iYTlUkzlWmA5JD2acKoxd4KVxbMmxX/85mtfdnDmTFoNKcg5DGAvxNQ=="
    },
    "node_modules/json-formatter-js": {
      "version": "2.3.4",
      "license": "MIT"
    },
    "node_modules/preact": {
      "version": "10.13.0",
      "resolved": "https://registry.npmjs.org/preact/-/preact-10.13.0.tgz",
      "integrity": "sha512-ERdIdUpR6doqdaSIh80hvzebHB7O6JxycOhyzAeLEchqOq/4yueslQbfnPwXaNhAYacFTyCclhwkEbOumT0tHw==",
      "funding": {
        "type": "opencollective",
        "url": "https://opencollective.com/preact"
      }
    }
  },
  "dependencies": {
    "@bokeh/bokehjs": {
      "version": "3.1.1",
      "resolved": "https://registry.npmjs.org/@bokeh/bokehjs/-/bokehjs-3.1.1.tgz",
      "integrity": "sha512-+S3hqhIaOS17Xp0Oy7fB+hhOPe+v3jeIew40sWaH4/DEEMuUmhDZZMFowWhicuwTN9J6Bay9bp/62YJc5Na1Qg=="
    },
    "@luma.gl/constants": {
      "version": "8.1.0"
    },
    "@types/debounce": {
      "version": "1.2.0"
    },
    "@types/gl-matrix": {
      "version": "2.4.5"
    },
    "debounce": {
      "version": "1.2.0"
    },
    "flatpickr": {
      "version": "4.6.13",
      "resolved": "https://registry.npmjs.org/flatpickr/-/flatpickr-4.6.13.tgz",
      "integrity": "sha512-97PMG/aywoYpB4IvbvUJi0RQi8vearvU0oov1WW3k0WZPBMrTQVqekSX5CjSG/M4Q3i6A/0FKXC7RyAoAUUSPw==",
      "dev": true
    },
    "gl-matrix": {
      "version": "3.2.1"
    },
    "htm": {
      "version": "3.1.1",
      "resolved": "https://registry.npmjs.org/htm/-/htm-3.1.1.tgz",
      "integrity": "sha512-983Vyg8NwUE7JkZ6NmOqpCZ+sh1bKv2iYTlUkzlWmA5JD2acKoxd4KVxbMmxX/85mtfdnDmTFoNKcg5DGAvxNQ=="
    },
    "json-formatter-js": {
      "version": "2.3.4"
    },
    "preact": {
      "version": "10.13.0",
      "resolved": "https://registry.npmjs.org/preact/-/preact-10.13.0.tgz",
      "integrity": "sha512-ERdIdUpR6doqdaSIh80hvzebHB7O6JxycOhyzAeLEchqOq/4yueslQbfnPwXaNhAYacFTyCclhwkEbOumT0tHw=="
    }
  }
}
